
Microsoft Visual Studio Solution File, Format Version 12.00
# Visual Studio Version 17
VisualStudioVersion = 17.7.34018.315
MinimumVisualStudioVersion = 10.0.40219.1
Project("{2150E333-8FDC-42A3-9474-1A3956D46DE8}") = "__", "__", "{9452B9A4-F1FD-4573-AC10-4A3A83F60EF6}"
	ProjectSection(SolutionItems) = preProject
		azure-pipelines.yml = azure-pipelines.yml
		Directory.Build.props = Directory.Build.props
		Directory.Packages.props = Directory.Packages.props
		docker-compose.yml = docker-compose.yml
		global.json = global.json
		README.md = README.md
	EndProjectSection
EndProject
Project("{2150E333-8FDC-42A3-9474-1A3956D46DE8}") = "BuildingBlocks", "BuildingBlocks", "{78B8259D-9A21-4FF3-B2DF-41015EFE04E1}"
EndProject
Project("{2150E333-8FDC-42A3-9474-1A3956D46DE8}") = "ProductCatalog", "ProductCatalog", "{087321C2-CBAF-43CB-94B8-0BBC1F522362}"
EndProject
Project("{9A19103F-16F7-4668-BE54-9A1E7A4F7556}") = "DNK.DDD.Core", "source\BuildingBlocks\DNK.DDD.Core\DNK.DDD.Core.csproj", "{567D5073-058C-4BC7-9B6A-A7BEC279E7EC}"
EndProject
Project("{9A19103F-16F7-4668-BE54-9A1E7A4F7556}") = "DNK.DDD.Application", "source\BuildingBlocks\DNK.DDD.Application\DNK.DDD.Application.csproj", "{1A4A873E-DA7E-4820-B406-744479C4DC9B}"
EndProject
Project("{9A19103F-16F7-4668-BE54-9A1E7A4F7556}") = "DNK.DDD.Infrastructure", "source\BuildingBlocks\DNK.DDD.Infrastructure\DNK.DDD.Infrastructure.csproj", "{82A88513-43E8-433D-A036-402D6A273646}"
EndProject
Project("{9A19103F-16F7-4668-BE54-9A1E7A4F7556}") = "DNK.DDD.Infrastructure.EntityFrameworkCore", "source\BuildingBlocks\DNK.DDD.Infrastructure.EntityFrameworkCore\DNK.DDD.Infrastructure.EntityFrameworkCore.csproj", "{E5F9613A-6E5F-4F23-B12A-8AB6E9746D3D}"
EndProject
Project("{9A19103F-16F7-4668-BE54-9A1E7A4F7556}") = "DNK.DDD.Infrastructure.EntityFrameworkCore.MsSqlServer", "source\BuildingBlocks\DNK.DDD.Infrastructure.EntityFrameworkCore.MsSqlServer\DNK.DDD.Infrastructure.EntityFrameworkCore.MsSqlServer.csproj", "{22615FA7-E93E-4CA1-9958-E6E901871A8D}"
EndProject
Project("{2150E333-8FDC-42A3-9474-1A3956D46DE8}") = "Services", "Services", "{139D1FA6-DD66-48FB-ADE5-9EB19B463C54}"
EndProject
Project("{9A19103F-16F7-4668-BE54-9A1E7A4F7556}") = "DDD.ProductCatalog.Core", "source\Services\product-catalog\DDD.ProductCatalog.Core\DDD.ProductCatalog.Core.csproj", "{97FE50EC-D9A3-4791-9E09-CC42A84D5A63}"
EndProject
Project("{9A19103F-16F7-4668-BE54-9A1E7A4F7556}") = "DDD.ProductCatalog.Application.Commands", "source\Services\product-catalog\DDD.ProductCatalog.Application.Commands\DDD.ProductCatalog.Application.Commands.csproj", "{EB3E498F-CE86-4742-9EFD-FF4C6EEB86E6}"
EndProject
Project("{9A19103F-16F7-4668-BE54-9A1E7A4F7556}") = "DDD.ProductCatalog.Application.Queries", "source\Services\product-catalog\DDD.ProductCatalog.Application.Queries\DDD.ProductCatalog.Application.Queries.csproj", "{F7577231-6188-4473-A042-F00B1A041D5B}"
EndProject
Project("{9A19103F-16F7-4668-BE54-9A1E7A4F7556}") = "DDD.ProductCatalog.Infrastructure", "source\Services\product-catalog\DDD.ProductCatalog.Infrastructure\DDD.ProductCatalog.Infrastructure.csproj", "{1416070F-984D-470D-B385-8A1F186059C4}"
EndProject
Project("{9A19103F-16F7-4668-BE54-9A1E7A4F7556}") = "DDD.ProductCatalog.WebApi", "source\Services\product-catalog\DDD.ProductCatalog.WebApi\DDD.ProductCatalog.WebApi.csproj", "{F79C6C57-C9A4-4431-8CF2-2DAD29EFEE90}"
EndProject
Project("{2150E333-8FDC-42A3-9474-1A3956D46DE8}") = "Tests", "Tests", "{FB8E8C12-C1FB-4CC4-BA1F-01A5F7FC5B12}"
EndProject
Project("{9A19103F-16F7-4668-BE54-9A1E7A4F7556}") = "DDD.ProductCatalog.Core.Tests", "source\Services\product-catalog\DDD.ProductCatalog.Tests\DDD.ProductCatalog.Core.Tests\DDD.ProductCatalog.Core.Tests.csproj", "{424334C0-2231-475E-87BC-3E13A3F0B102}"
EndProject
Project("{9A19103F-16F7-4668-BE54-9A1E7A4F7556}") = "DDD.ProductCatalog.Application.Commands.Tests", "source\Services\product-catalog\DDD.ProductCatalog.Tests\DDD.ProductCatalog.Application.Commands.Tests\DDD.ProductCatalog.Application.Commands.Tests.csproj", "{F29EC0F0-D079-4BBE-870E-34423E32D300}"
EndProject
Project("{9A19103F-16F7-4668-BE54-9A1E7A4F7556}") = "DDD.ProductCatalog.Application.Queries.Tests", "source\Services\product-catalog\DDD.ProductCatalog.Tests\DDD.ProductCatalog.Application.Queries.Tests\DDD.ProductCatalog.Application.Queries.Tests.csproj", "{8FD79BEE-A9AD-4688-90E1-2235F6DB4FFC}"
EndProject
Project("{9A19103F-16F7-4668-BE54-9A1E7A4F7556}") = "DDD.ProductCatalog.Infrastructure.EfCore.Tests", "source\Services\product-catalog\DDD.ProductCatalog.Tests\DDD.ProductCatalog.Infrastructure.EfCore.Tests\DDD.ProductCatalog.Infrastructure.EfCore.Tests.csproj", "{D0892E32-F455-4F56-9A1A-C05852C92AA0}"
EndProject
Project("{9A19103F-16F7-4668-BE54-9A1E7A4F7556}") = "DDD.ProductCatalog.WebApi.Tests", "source\Services\product-catalog\DDD.ProductCatalog.Tests\DDD.ProductCatalog.WebApi.Tests\DDD.ProductCatalog.WebApi.Tests.csproj", "{1E111929-5BF5-48F4-A9A9-EAF1919E53C8}"
EndProject
Project("{FAE04EC0-301F-11D3-BF4B-00C04F79EFBC}") = "DNK.DDD.Infrastructure.Dapper", "source\BuildingBlocks\DNK.DDD.Infrastructure.Dapper\DNK.DDD.Infrastructure.Dapper.csproj", "{CA854476-39AE-42B7-A875-B30C7E1A768C}"
EndProject
Project("{FAE04EC0-301F-11D3-BF4B-00C04F79EFBC}") = "DNK.DDD.Infrastructure.Dapper.MsSqlServer", "source\BuildingBlocks\DNK.DDD.Infrastructure.Dapper.MsSqlServer\DNK.DDD.Infrastructure.Dapper.MsSqlServer.csproj", "{48F0B364-EF69-48E6-BA8F-289908072EB7}"
EndProject
Global
	GlobalSection(SolutionConfigurationPlatforms) = preSolution
		Debug|Any CPU = Debug|Any CPU
		Release|Any CPU = Release|Any CPU
	EndGlobalSection
	GlobalSection(ProjectConfigurationPlatforms) = postSolution
		{567D5073-058C-4BC7-9B6A-A7BEC279E7EC}.Debug|Any CPU.ActiveCfg = Debug|Any CPU
		{567D5073-058C-4BC7-9B6A-A7BEC279E7EC}.Debug|Any CPU.Build.0 = Debug|Any CPU
		{567D5073-058C-4BC7-9B6A-A7BEC279E7EC}.Release|Any CPU.ActiveCfg = Release|Any CPU
		{567D5073-058C-4BC7-9B6A-A7BEC279E7EC}.Release|Any CPU.Build.0 = Release|Any CPU
		{1A4A873E-DA7E-4820-B406-744479C4DC9B}.Debug|Any CPU.ActiveCfg = Debug|Any CPU
		{1A4A873E-DA7E-4820-B406-744479C4DC9B}.Debug|Any CPU.Build.0 = Debug|Any CPU
		{1A4A873E-DA7E-4820-B406-744479C4DC9B}.Release|Any CPU.ActiveCfg = Release|Any CPU
		{1A4A873E-DA7E-4820-B406-744479C4DC9B}.Release|Any CPU.Build.0 = Release|Any CPU
		{82A88513-43E8-433D-A036-402D6A273646}.Debug|Any CPU.ActiveCfg = Debug|Any CPU
		{82A88513-43E8-433D-A036-402D6A273646}.Debug|Any CPU.Build.0 = Debug|Any CPU
		{82A88513-43E8-433D-A036-402D6A273646}.Release|Any CPU.ActiveCfg = Release|Any CPU
		{82A88513-43E8-433D-A036-402D6A273646}.Release|Any CPU.Build.0 = Release|Any CPU
		{E5F9613A-6E5F-4F23-B12A-8AB6E9746D3D}.Debug|Any CPU.ActiveCfg = Debug|Any CPU
		{E5F9613A-6E5F-4F23-B12A-8AB6E9746D3D}.Debug|Any CPU.Build.0 = Debug|Any CPU
		{E5F9613A-6E5F-4F23-B12A-8AB6E9746D3D}.Release|Any CPU.ActiveCfg = Release|Any CPU
		{E5F9613A-6E5F-4F23-B12A-8AB6E9746D3D}.Release|Any CPU.Build.0 = Release|Any CPU
		{22615FA7-E93E-4CA1-9958-E6E901871A8D}.Debug|Any CPU.ActiveCfg = Debug|Any CPU
		{22615FA7-E93E-4CA1-9958-E6E901871A8D}.Debug|Any CPU.Build.0 = Debug|Any CPU
		{22615FA7-E93E-4CA1-9958-E6E901871A8D}.Release|Any CPU.ActiveCfg = Release|Any CPU
		{22615FA7-E93E-4CA1-9958-E6E901871A8D}.Release|Any CPU.Build.0 = Release|Any CPU
		{97FE50EC-D9A3-4791-9E09-CC42A84D5A63}.Debug|Any CPU.ActiveCfg = Debug|Any CPU
		{97FE50EC-D9A3-4791-9E09-CC42A84D5A63}.Debug|Any CPU.Build.0 = Debug|Any CPU
		{97FE50EC-D9A3-4791-9E09-CC42A84D5A63}.Release|Any CPU.ActiveCfg = Release|Any CPU
		{97FE50EC-D9A3-4791-9E09-CC42A84D5A63}.Release|Any CPU.Build.0 = Release|Any CPU
		{EB3E498F-CE86-4742-9EFD-FF4C6EEB86E6}.Debug|Any CPU.ActiveCfg = Debug|Any CPU
		{EB3E498F-CE86-4742-9EFD-FF4C6EEB86E6}.Debug|Any CPU.Build.0 = Debug|Any CPU
		{EB3E498F-CE86-4742-9EFD-FF4C6EEB86E6}.Release|Any CPU.ActiveCfg = Release|Any CPU
		{EB3E498F-CE86-4742-9EFD-FF4C6EEB86E6}.Release|Any CPU.Build.0 = Release|Any CPU
		{F7577231-6188-4473-A042-F00B1A041D5B}.Debug|Any CPU.ActiveCfg = Debug|Any CPU
		{F7577231-6188-4473-A042-F00B1A041D5B}.Debug|Any CPU.Build.0 = Debug|Any CPU
		{F7577231-6188-4473-A042-F00B1A041D5B}.Release|Any CPU.ActiveCfg = Release|Any CPU
		{F7577231-6188-4473-A042-F00B1A041D5B}.Release|Any CPU.Build.0 = Release|Any CPU
		{1416070F-984D-470D-B385-8A1F186059C4}.Debug|Any CPU.ActiveCfg = Debug|Any CPU
		{1416070F-984D-470D-B385-8A1F186059C4}.Debug|Any CPU.Build.0 = Debug|Any CPU
		{1416070F-984D-470D-B385-8A1F186059C4}.Release|Any CPU.ActiveCfg = Release|Any CPU
		{1416070F-984D-470D-B385-8A1F186059C4}.Release|Any CPU.Build.0 = Release|Any CPU
		{F79C6C57-C9A4-4431-8CF2-2DAD29EFEE90}.Debug|Any CPU.ActiveCfg = Debug|Any CPU
		{F79C6C57-C9A4-4431-8CF2-2DAD29EFEE90}.Debug|Any CPU.Build.0 = Debug|Any CPU
		{F79C6C57-C9A4-4431-8CF2-2DAD29EFEE90}.Release|Any CPU.ActiveCfg = Release|Any CPU
		{F79C6C57-C9A4-4431-8CF2-2DAD29EFEE90}.Release|Any CPU.Build.0 = Release|Any CPU
		{424334C0-2231-475E-87BC-3E13A3F0B102}.Debug|Any CPU.ActiveCfg = Debug|Any CPU
		{424334C0-2231-475E-87BC-3E13A3F0B102}.Debug|Any CPU.Build.0 = Debug|Any CPU
		{424334C0-2231-475E-87BC-3E13A3F0B102}.Release|Any CPU.ActiveCfg = Release|Any CPU
		{424334C0-2231-475E-87BC-3E13A3F0B102}.Release|Any CPU.Build.0 = Release|Any CPU
		{F29EC0F0-D079-4BBE-870E-34423E32D300}.Debug|Any CPU.ActiveCfg = Debug|Any CPU
		{F29EC0F0-D079-4BBE-870E-34423E32D300}.Debug|Any CPU.Build.0 = Debug|Any CPU
		{F29EC0F0-D079-4BBE-870E-34423E32D300}.Release|Any CPU.ActiveCfg = Release|Any CPU
		{F29EC0F0-D079-4BBE-870E-34423E32D300}.Release|Any CPU.Build.0 = Release|Any CPU
		{8FD79BEE-A9AD-4688-90E1-2235F6DB4FFC}.Debug|Any CPU.ActiveCfg = Debug|Any CPU
		{8FD79BEE-A9AD-4688-90E1-2235F6DB4FFC}.Debug|Any CPU.Build.0 = Debug|Any CPU
		{8FD79BEE-A9AD-4688-90E1-2235F6DB4FFC}.Release|Any CPU.ActiveCfg = Release|Any CPU
		{8FD79BEE-A9AD-4688-90E1-2235F6DB4FFC}.Release|Any CPU.Build.0 = Release|Any CPU
		{D0892E32-F455-4F56-9A1A-C05852C92AA0}.Debug|Any CPU.ActiveCfg = Debug|Any CPU
		{D0892E32-F455-4F56-9A1A-C05852C92AA0}.Debug|Any CPU.Build.0 = Debug|Any CPU
		{D0892E32-F455-4F56-9A1A-C05852C92AA0}.Release|Any CPU.ActiveCfg = Release|Any CPU
		{D0892E32-F455-4F56-9A1A-C05852C92AA0}.Release|Any CPU.Build.0 = Release|Any CPU
		{1E111929-5BF5-48F4-A9A9-EAF1919E53C8}.Debug|Any CPU.ActiveCfg = Debug|Any CPU
		{1E111929-5BF5-48F4-A9A9-EAF1919E53C8}.Debug|Any CPU.Build.0 = Debug|Any CPU
		{1E111929-5BF5-48F4-A9A9-EAF1919E53C8}.Release|Any CPU.ActiveCfg = Release|Any CPU
		{1E111929-5BF5-48F4-A9A9-EAF1919E53C8}.Release|Any CPU.Build.0 = Release|Any CPU
		{CA854476-39AE-42B7-A875-B30C7E1A768C}.Debug|Any CPU.ActiveCfg = Debug|Any CPU
		{CA854476-39AE-42B7-A875-B30C7E1A768C}.Debug|Any CPU.Build.0 = Debug|Any CPU
		{CA854476-39AE-42B7-A875-B30C7E1A768C}.Release|Any CPU.ActiveCfg = Release|Any CPU
		{CA854476-39AE-42B7-A875-B30C7E1A768C}.Release|Any CPU.Build.0 = Release|Any CPU
		{48F0B364-EF69-48E6-BA8F-289908072EB7}.Debug|Any CPU.ActiveCfg = Debug|Any CPU
		{48F0B364-EF69-48E6-BA8F-289908072EB7}.Debug|Any CPU.Build.0 = Debug|Any CPU
		{48F0B364-EF69-48E6-BA8F-289908072EB7}.Release|Any CPU.ActiveCfg = Release|Any CPU
		{48F0B364-EF69-48E6-BA8F-289908072EB7}.Release|Any CPU.Build.0 = Release|Any CPU
	EndGlobalSection
	GlobalSection(SolutionProperties) = preSolution
		HideSolutionNode = FALSE
	EndGlobalSection
	GlobalSection(NestedProjects) = preSolution
		{087321C2-CBAF-43CB-94B8-0BBC1F522362} = {139D1FA6-DD66-48FB-ADE5-9EB19B463C54}
		{567D5073-058C-4BC7-9B6A-A7BEC279E7EC} = {78B8259D-9A21-4FF3-B2DF-41015EFE04E1}
		{1A4A873E-DA7E-4820-B406-744479C4DC9B} = {78B8259D-9A21-4FF3-B2DF-41015EFE04E1}
		{82A88513-43E8-433D-A036-402D6A273646} = {78B8259D-9A21-4FF3-B2DF-41015EFE04E1}
		{E5F9613A-6E5F-4F23-B12A-8AB6E9746D3D} = {78B8259D-9A21-4FF3-B2DF-41015EFE04E1}
		{22615FA7-E93E-4CA1-9958-E6E901871A8D} = {78B8259D-9A21-4FF3-B2DF-41015EFE04E1}
		{97FE50EC-D9A3-4791-9E09-CC42A84D5A63} = {087321C2-CBAF-43CB-94B8-0BBC1F522362}
		{EB3E498F-CE86-4742-9EFD-FF4C6EEB86E6} = {087321C2-CBAF-43CB-94B8-0BBC1F522362}
		{F7577231-6188-4473-A042-F00B1A041D5B} = {087321C2-CBAF-43CB-94B8-0BBC1F522362}
		{1416070F-984D-470D-B385-8A1F186059C4} = {087321C2-CBAF-43CB-94B8-0BBC1F522362}
		{F79C6C57-C9A4-4431-8CF2-2DAD29EFEE90} = {087321C2-CBAF-43CB-94B8-0BBC1F522362}
		{FB8E8C12-C1FB-4CC4-BA1F-01A5F7FC5B12} = {087321C2-CBAF-43CB-94B8-0BBC1F522362}
		{424334C0-2231-475E-87BC-3E13A3F0B102} = {FB8E8C12-C1FB-4CC4-BA1F-01A5F7FC5B12}
		{F29EC0F0-D079-4BBE-870E-34423E32D300} = {FB8E8C12-C1FB-4CC4-BA1F-01A5F7FC5B12}
		{8FD79BEE-A9AD-4688-90E1-2235F6DB4FFC} = {FB8E8C12-C1FB-4CC4-BA1F-01A5F7FC5B12}
		{D0892E32-F455-4F56-9A1A-C05852C92AA0} = {FB8E8C12-C1FB-4CC4-BA1F-01A5F7FC5B12}
		{1E111929-5BF5-48F4-A9A9-EAF1919E53C8} = {FB8E8C12-C1FB-4CC4-BA1F-01A5F7FC5B12}
		{CA854476-39AE-42B7-A875-B30C7E1A768C} = {78B8259D-9A21-4FF3-B2DF-41015EFE04E1}
		{48F0B364-EF69-48E6-BA8F-289908072EB7} = {78B8259D-9A21-4FF3-B2DF-41015EFE04E1}
	EndGlobalSection
	GlobalSection(ExtensibilityGlobals) = postSolution
		SolutionGuid = {A5BBA926-AD8E-4C99-9CA1-631F45530EDA}
	EndGlobalSection
EndGlobal
